
Microsoft Visual Studio Solution File, Format Version 12.00
# Visual Studio Version 17
VisualStudioVersion = 17.5.33424.131
MinimumVisualStudioVersion = 10.0.40219.1
Project("{8BC9CEB8-8B4A-11D0-8D11-00A0C91BC942}") = "calRa", "calRa\calRa.vcxproj", "{91BAFCB4-295B-4AE5-8DA1-DA6D32984C61}"
EndProject
Global
	GlobalSection(SolutionConfigurationPlatforms) = preSolution
		Debug|x64 = Debug|x64
		Debug|x86 = Debug|x86
		Release|x64 = Release|x64
		Release|x86 = Release|x86
	EndGlobalSection
	GlobalSection(ProjectConfigurationPlatforms) = postSolution
		{91BAFCB4-295B-4AE5-8DA1-DA6D32984C61}.Debug|x64.ActiveCfg = Debug|x64
		{91BAFCB4-295B-4AE5-8DA1-DA6D32984C61}.Debug|x64.Build.0 = Debug|x64
		{91BAFCB4-295B-4AE5-8DA1-DA6D32984C61}.Debug|x86.ActiveCfg = Debug|Win32
		{91BAFCB4-295B-4AE5-8DA1-DA6D32984C61}.Debug|x86.Build.0 = Debug|Win32
		{91BAFCB4-295B-4AE5-8DA1-DA6D32984C61}.Release|x64.ActiveCfg = Release|x64
		{91BAFCB4-295B-4AE5-8DA1-DA6D32984C61}.Release|x64.Build.0 = Release|x64
		{91BAFCB4-295B-4AE5-8DA1-DA6D32984C61}.Release|x86.ActiveCfg = Release|Win32
		{91BAFCB4-295B-4AE5-8DA1-DA6D32984C61}.Release|x86.Build.0 = Release|Win32
	EndGlobalSection
	GlobalSection(SolutionProperties) = preSolution
		HideSolutionNode = FALSE
	EndGlobalSection
	GlobalSection(ExtensibilityGlobals) = postSolution
		SolutionGuid = {B09AFCAF-3982-4F93-A984-11D69CC44A66}
	EndGlobalSection
EndGlobal
